# generated by rye
# use `rye lock` or `rye sync` to update this lockfile
#
# last locked with the following flags:
#   pre: false
#   features: []
#   all-features: false
#   with-sources: false
#   generate-hashes: false
#   universal: false

-e file:.
annotated-types==0.7.0
    # via pydantic
asttokens==2.4.1
    # via stack-data
babel==2.16.0
    # via mkdocs-material
certifi==2024.7.4
    # via requests
charset-normalizer==3.3.2
    # via requests
click==8.1.7
    # via mkdocs
colorama==0.4.6
    # via mkdocs-material
comm==0.2.2
    # via ipykernel
coverage==7.6.1
    # via pytest-cov
debugpy==1.8.5
    # via ipykernel
decorator==5.1.1
    # via ipython
executing==2.0.1
    # via stack-data
ghp-import==2.1.0
    # via mkdocs
idna==3.7
    # via requests
iniconfig==2.0.0
    # via pytest
ipykernel==6.29.5
ipython==8.26.0
    # via ipykernel
isort==5.13.2
jedi==0.19.1
    # via ipython
jinja2==3.1.4
    # via mkdocs
    # via mkdocs-material
jupyter-client==8.6.2
    # via ipykernel
jupyter-core==5.7.2
    # via ipykernel
    # via jupyter-client
markdown==3.6
    # via mkdocs
    # via mkdocs-material
    # via pymdown-extensions
markdown-exec==1.9.3
markupsafe==2.1.5
    # via jinja2
    # via mkdocs
matplotlib-inline==0.1.7
    # via ipykernel
    # via ipython
mergedeep==1.3.4
    # via mkdocs
    # via mkdocs-get-deps
mkdocs==1.6.0
    # via mkdocs-markdownextradata-plugin
    # via mkdocs-material
mkdocs-get-deps==0.2.0
    # via mkdocs
mkdocs-markdownextradata-plugin==0.2.5
mkdocs-material==9.5.31
mkdocs-material-extensions==1.3.1
    # via mkdocs-material
mypy==1.11.1
mypy-extensions==1.0.0
    # via mypy
narwhals==1.3.0
    # via dapter
nest-asyncio==1.6.0
    # via ipykernel
numpy==2.0.1
    # via pandas
    # via pyarrow
packaging==24.1
    # via ipykernel
    # via mkdocs
    # via pytest
paginate==0.5.6
    # via mkdocs-material
pandas==2.2.2
parso==0.8.4
    # via jedi
pathspec==0.12.1
    # via mkdocs
pexpect==4.9.0
    # via ipython
platformdirs==4.2.2
    # via jupyter-core
    # via mkdocs-get-deps
pluggy==1.5.0
    # via pytest
polars==1.4.1
prompt-toolkit==3.0.47
    # via ipython
psutil==6.0.0
    # via ipykernel
ptyprocess==0.7.0
    # via pexpect
pure-eval==0.2.3
    # via stack-data
pyarrow==17.0.0
pydantic==2.8.2
pydantic-core==2.20.1
    # via pydantic
pygments==2.18.0
    # via ipython
    # via mkdocs-material
    # via pygments-ansi-color
pygments-ansi-color==0.3.0
    # via markdown-exec
pymdown-extensions==10.9
    # via markdown-exec
    # via mkdocs-material
pytest==8.3.2
    # via pytest-cov
pytest-cov==5.0.0
python-dateutil==2.9.0.post0
    # via ghp-import
    # via jupyter-client
    # via pandas
pytz==2024.1
    # via pandas
pyyaml==6.0.2
    # via mkdocs
    # via mkdocs-get-deps
    # via mkdocs-markdownextradata-plugin
    # via pymdown-extensions
    # via pyyaml-env-tag
pyyaml-env-tag==0.1
    # via mkdocs
pyzmq==26.1.0
    # via ipykernel
    # via jupyter-client
regex==2024.7.24
    # via mkdocs-material
requests==2.32.3
    # via mkdocs-material
six==1.16.0
    # via asttokens
    # via python-dateutil
stack-data==0.6.3
    # via ipython
tabulate==0.9.0
tornado==6.4.1
    # via ipykernel
    # via jupyter-client
traitlets==5.14.3
    # via comm
    # via ipykernel
    # via ipython
    # via jupyter-client
    # via jupyter-core
    # via matplotlib-inline
typing-extensions==4.12.2
    # via mypy
    # via pydantic
    # via pydantic-core
tzdata==2024.1
    # via pandas
urllib3==2.2.2
    # via requests
watchdog==4.0.1
    # via mkdocs
wcwidth==0.2.13
    # via prompt-toolkit
